
Microsoft Visual Studio Solution File, Format Version 12.00
# Visual Studio Version 17
VisualStudioVersion = 17.7.34009.444
MinimumVisualStudioVersion = 10.0.40219.1
Project("{FAE04EC0-301F-11D3-BF4B-00C04F79EFBC}") = "addressbook-web-tests", "addressbook-web-tests\addressbook-web-tests.csproj", "{C78C8220-D405-427C-BF41-269345071D1C}"
EndProject
Global
	GlobalSection(SolutionConfigurationPlatforms) = preSolution
		Debug|Any CPU = Debug|Any CPU
		Release|Any CPU = Release|Any CPU
	EndGlobalSection
	GlobalSection(ProjectConfigurationPlatforms) = postSolution
		{C78C8220-D405-427C-BF41-269345071D1C}.Debug|Any CPU.ActiveCfg = Debug|Any CPU
		{C78C8220-D405-427C-BF41-269345071D1C}.Debug|Any CPU.Build.0 = Debug|Any CPU
		{C78C8220-D405-427C-BF41-269345071D1C}.Release|Any CPU.ActiveCfg = Release|Any CPU
		{C78C8220-D405-427C-BF41-269345071D1C}.Release|Any CPU.Build.0 = Release|Any CPU
	EndGlobalSection
	GlobalSection(SolutionProperties) = preSolution
		HideSolutionNode = FALSE
	EndGlobalSection
	GlobalSection(ExtensibilityGlobals) = postSolution
		SolutionGuid = {FC8DCC01-97EF-498F-82F9-5836B17FEC7C}
	EndGlobalSection
EndGlobal
